# This file is automatically @generated by Poetry 1.8.4 and should not be changed by hand.

[[package]]
name = "kafka-python-ng"
version = "2.2.3"
description = "Pure Python client for Apache Kafka"
optional = false
python-versions = ">=3.8"
files = [
    {file = "kafka_python_ng-2.2.3-py2.py3-none-any.whl", hash = "sha256:adc6e82147c441ca4ae1f22e291fc08efab0d10971cbd4aa1481d2ffa38e9480"},
    {file = "kafka_python_ng-2.2.3.tar.gz", hash = "sha256:f79f28e10ade9b5a9860b2ec15b7cc8dc510d5702f5a399430478cff5f93a05a"},
]

[package.extras]
boto = ["botocore"]
crc32c = ["crc32c"]
lz4 = ["lz4"]
snappy = ["python-snappy"]
zstd = ["zstandard"]

[[package]]
name = "six"
version = "1.16.0"
description = "Python 2 and 3 compatibility utilities"
optional = false
python-versions = ">=2.7, !=3.0.*, !=3.1.*, !=3.2.*"
files = [
    {file = "six-1.16.0-py2.py3-none-any.whl", hash = "sha256:8abb2f1d86890a2dfb989f9a77cfcfd3e47c2a354b01111771326f8aa26e0254"},
    {file = "six-1.16.0.tar.gz", hash = "sha256:1e61c37477a1626458e36f7b1d82aa5c9b094fa4802892072e49de9c60c4c926"},
]

[metadata]
lock-version = "2.0"
python-versions = ">=3.10, <3.13"
content-hash = "eef712f01c92a1a0495c0982e62cf466f2e6e95dc3266131f207e4ee05736b30"
